// !$*UTF8*$!
{
	archiveVersion = 1;
	classes = {
	};
	objectVersion = 46;
	objects = {

/* Begin PBXBuildFile section */
		A857274A18F92D2F0007E03E /* Foundation.framework in Frameworks */ = {isa = PBXBuildFile; fileRef = A857274918F92D2F0007E03E /* Foundation.framework */; };
		A857274C18F92D2F0007E03E /* CoreGraphics.framework in Frameworks */ = {isa = PBXBuildFile; fileRef = A857274B18F92D2F0007E03E /* CoreGraphics.framework */; };
		A857274E18F92D2F0007E03E /* UIKit.framework in Frameworks */ = {isa = PBXBuildFile; fileRef = A857274D18F92D2F0007E03E /* UIKit.framework */; };
		A857275418F92D2F0007E03E /* InfoPlist.strings in Resources */ = {isa = PBXBuildFile; fileRef = A857275218F92D2F0007E03E /* InfoPlist.strings */; };
		A857275618F92D2F0007E03E /* main.m in Sources */ = {isa = PBXBuildFile; fileRef = A857275518F92D2F0007E03E /* main.m */; };
		A857275A18F92D2F0007E03E /* AppDelegate.m in Sources */ = {isa = PBXBuildFile; fileRef = A857275918F92D2F0007E03E /* AppDelegate.m */; };
		A857275D18F92D2F0007E03E /* Main.storyboard in Resources */ = {isa = PBXBuildFile; fileRef = A857275B18F92D2F0007E03E /* Main.storyboard */; };
		A857276018F92D2F0007E03E /* ViewController.m in Sources */ = {isa = PBXBuildFile; fileRef = A857275F18F92D2F0007E03E /* ViewController.m */; };
		A857276218F92D2F0007E03E /* Images.xcassets in Resources */ = {isa = PBXBuildFile; fileRef = A857276118F92D2F0007E03E /* Images.xcassets */; };
		A857276918F92D2F0007E03E /* XCTest.framework in Frameworks */ = {isa = PBXBuildFile; fileRef = A857276818F92D2F0007E03E /* XCTest.framework */; };
		A857276A18F92D2F0007E03E /* Foundation.framework in Frameworks */ = {isa = PBXBuildFile; fileRef = A857274918F92D2F0007E03E /* Foundation.framework */; };
		A857276B18F92D2F0007E03E /* UIKit.framework in Frameworks */ = {isa = PBXBuildFile; fileRef = A857274D18F92D2F0007E03E /* UIKit.framework */; };
		A857277318F92D2F0007E03E /* InfoPlist.strings in Resources */ = {isa = PBXBuildFile; fileRef = A857277118F92D2F0007E03E /* InfoPlist.strings */; };
		A857277518F92D2F0007E03E /* HW_NetExampleTests.m in Sources */ = {isa = PBXBuildFile; fileRef = A857277418F92D2F0007E03E /* HW_NetExampleTests.m */; };
		A857278018F92D440007E03E /* MyNetManager.m in Sources */ = {isa = PBXBuildFile; fileRef = A857277F18F92D440007E03E /* MyNetManager.m */; };
		A857278318F930CB0007E03E /* ImageSliceTool.m in Sources */ = {isa = PBXBuildFile; fileRef = A857278218F930CB0007E03E /* ImageSliceTool.m */; };
		A857279418F94A000007E03E /* PresentImageController.m in Sources */ = {isa = PBXBuildFile; fileRef = A857279318F94A000007E03E /* PresentImageController.m */; };
		F5AF0CC218FFEE2B00A132C0 /* MyTableViewCell.m in Sources */ = {isa = PBXBuildFile; fileRef = F5AF0CC118FFEE2B00A132C0 /* MyTableViewCell.m */; };
/* End PBXBuildFile section */

/* Begin PBXContainerItemProxy section */
		A857276C18F92D2F0007E03E /* PBXContainerItemProxy */ = {
			isa = PBXContainerItemProxy;
			containerPortal = A857273E18F92D2F0007E03E /* Project object */;
			proxyType = 1;
			remoteGlobalIDString = A857274518F92D2F0007E03E;
			remoteInfo = HW_NetExample;
		};
/* End PBXContainerItemProxy section */

/* Begin PBXFileReference section */
		A857274618F92D2F0007E03E /* HW_NetExample.app */ = {isa = PBXFileReference; explicitFileType = wrapper.application; includeInIndex = 0; path = HW_NetExample.app; sourceTree = BUILT_PRODUCTS_DIR; };
		A857274918F92D2F0007E03E /* Foundation.framework */ = {isa = PBXFileReference; lastKnownFileType = wrapper.framework; name = Foundation.framework; path = System/Library/Frameworks/Foundation.framework; sourceTree = SDKROOT; };
		A857274B18F92D2F0007E03E /* CoreGraphics.framework */ = {isa = PBXFileReference; lastKnownFileType = wrapper.framework; name = CoreGraphics.framework; path = System/Library/Frameworks/CoreGraphics.framework; sourceTree = SDKROOT; };
		A857274D18F92D2F0007E03E /* UIKit.framework */ = {isa = PBXFileReference; lastKnownFileType = wrapper.framework; name = UIKit.framework; path = System/Library/Frameworks/UIKit.framework; sourceTree = SDKROOT; };
		A857275118F92D2F0007E03E /* HW_NetExample-Info.plist */ = {isa = PBXFileReference; lastKnownFileType = text.plist.xml; path = "HW_NetExample-Info.plist"; sourceTree = "<group>"; };
		A857275318F92D2F0007E03E /* en */ = {isa = PBXFileReference; lastKnownFileType = text.plist.strings; name = en; path = en.lproj/InfoPlist.strings; sourceTree = "<group>"; };
		A857275518F92D2F0007E03E /* main.m */ = {isa = PBXFileReference; lastKnownFileType = sourcecode.c.objc; path = main.m; sourceTree = "<group>"; };
		A857275718F92D2F0007E03E /* HW_NetExample-Prefix.pch */ = {isa = PBXFileReference; lastKnownFileType = sourcecode.c.h; path = "HW_NetExample-Prefix.pch"; sourceTree = "<group>"; };
		A857275818F92D2F0007E03E /* AppDelegate.h */ = {isa = PBXFileReference; lastKnownFileType = sourcecode.c.h; path = AppDelegate.h; sourceTree = "<group>"; };
		A857275918F92D2F0007E03E /* AppDelegate.m */ = {isa = PBXFileReference; lastKnownFileType = sourcecode.c.objc; path = AppDelegate.m; sourceTree = "<group>"; };
		A857275C18F92D2F0007E03E /* Base */ = {isa = PBXFileReference; lastKnownFileType = file.storyboard; name = Base; path = Base.lproj/Main.storyboard; sourceTree = "<group>"; };
		A857275E18F92D2F0007E03E /* ViewController.h */ = {isa = PBXFileReference; lastKnownFileType = sourcecode.c.h; path = ViewController.h; sourceTree = "<group>"; };
		A857275F18F92D2F0007E03E /* ViewController.m */ = {isa = PBXFileReference; lastKnownFileType = sourcecode.c.objc; path = ViewController.m; sourceTree = "<group>"; };
		A857276118F92D2F0007E03E /* Images.xcassets */ = {isa = PBXFileReference; lastKnownFileType = folder.assetcatalog; path = Images.xcassets; sourceTree = "<group>"; };
		A857276718F92D2F0007E03E /* HW_NetExampleTests.xctest */ = {isa = PBXFileReference; explicitFileType = wrapper.cfbundle; includeInIndex = 0; path = HW_NetExampleTests.xctest; sourceTree = BUILT_PRODUCTS_DIR; };
		A857276818F92D2F0007E03E /* XCTest.framework */ = {isa = PBXFileReference; lastKnownFileType = wrapper.framework; name = XCTest.framework; path = Library/Frameworks/XCTest.framework; sourceTree = DEVELOPER_DIR; };
		A857277018F92D2F0007E03E /* HW_NetExampleTests-Info.plist */ = {isa = PBXFileReference; lastKnownFileType = text.plist.xml; path = "HW_NetExampleTests-Info.plist"; sourceTree = "<group>"; };
		A857277218F92D2F0007E03E /* en */ = {isa = PBXFileReference; lastKnownFileType = text.plist.strings; name = en; path = en.lproj/InfoPlist.strings; sourceTree = "<group>"; };
		A857277418F92D2F0007E03E /* HW_NetExampleTests.m */ = {isa = PBXFileReference; lastKnownFileType = sourcecode.c.objc; path = HW_NetExampleTests.m; sourceTree = "<group>"; };
		A857277E18F92D440007E03E /* MyNetManager.h */ = {isa = PBXFileReference; fileEncoding = 4; lastKnownFileType = sourcecode.c.h; path = MyNetManager.h; sourceTree = "<group>"; };
		A857277F18F92D440007E03E /* MyNetManager.m */ = {isa = PBXFileReference; fileEncoding = 4; lastKnownFileType = sourcecode.c.objc; path = MyNetManager.m; sourceTree = "<group>"; };
		A857278118F930CB0007E03E /* ImageSliceTool.h */ = {isa = PBXFileReference; fileEncoding = 4; lastKnownFileType = sourcecode.c.h; path = ImageSliceTool.h; sourceTree = "<group>"; };
		A857278218F930CB0007E03E /* ImageSliceTool.m */ = {isa = PBXFileReference; fileEncoding = 4; lastKnownFileType = sourcecode.c.objc; path = ImageSliceTool.m; sourceTree = "<group>"; };
		A857279218F94A000007E03E /* PresentImageController.h */ = {isa = PBXFileReference; fileEncoding = 4; lastKnownFileType = sourcecode.c.h; path = PresentImageController.h; sourceTree = "<group>"; };
		A857279318F94A000007E03E /* PresentImageController.m */ = {isa = PBXFileReference; fileEncoding = 4; lastKnownFileType = sourcecode.c.objc; path = PresentImageController.m; sourceTree = "<group>"; };
		F5AF0CC018FFEE2B00A132C0 /* MyTableViewCell.h */ = {isa = PBXFileReference; fileEncoding = 4; lastKnownFileType = sourcecode.c.h; path = MyTableViewCell.h; sourceTree = "<group>"; };
		F5AF0CC118FFEE2B00A132C0 /* MyTableViewCell.m */ = {isa = PBXFileReference; fileEncoding = 4; lastKnownFileType = sourcecode.c.objc; path = MyTableViewCell.m; sourceTree = "<group>"; };
/* End PBXFileReference section */

/* Begin PBXFrameworksBuildPhase section */
		A857274318F92D2F0007E03E /* Frameworks */ = {
			isa = PBXFrameworksBuildPhase;
			buildActionMask = 2147483647;
			files = (
				A857274C18F92D2F0007E03E /* CoreGraphics.framework in Frameworks */,
				A857274E18F92D2F0007E03E /* UIKit.framework in Frameworks */,
				A857274A18F92D2F0007E03E /* Foundation.framework in Frameworks */,
			);
			runOnlyForDeploymentPostprocessing = 0;
		};
		A857276418F92D2F0007E03E /* Frameworks */ = {
			isa = PBXFrameworksBuildPhase;
			buildActionMask = 2147483647;
			files = (
				A857276918F92D2F0007E03E /* XCTest.framework in Frameworks */,
				A857276B18F92D2F0007E03E /* UIKit.framework in Frameworks */,
				A857276A18F92D2F0007E03E /* Foundation.framework in Frameworks */,
			);
			runOnlyForDeploymentPostprocessing = 0;
		};
/* End PBXFrameworksBuildPhase section */

/* Begin PBXGroup section */
		A857273D18F92D2F0007E03E = {
			isa = PBXGroup;
			children = (
				A857274F18F92D2F0007E03E /* HW_NetExample */,
				A857276E18F92D2F0007E03E /* HW_NetExampleTests */,
				A857274818F92D2F0007E03E /* Frameworks */,
				A857274718F92D2F0007E03E /* Products */,
			);
			sourceTree = "<group>";
		};
		A857274718F92D2F0007E03E /* Products */ = {
			isa = PBXGroup;
			children = (
				A857274618F92D2F0007E03E /* HW_NetExample.app */,
				A857276718F92D2F0007E03E /* HW_NetExampleTests.xctest */,
			);
			name = Products;
			sourceTree = "<group>";
		};
		A857274818F92D2F0007E03E /* Frameworks */ = {
			isa = PBXGroup;
			children = (
				A857274918F92D2F0007E03E /* Foundation.framework */,
				A857274B18F92D2F0007E03E /* CoreGraphics.framework */,
				A857274D18F92D2F0007E03E /* UIKit.framework */,
				A857276818F92D2F0007E03E /* XCTest.framework */,
			);
			name = Frameworks;
			sourceTree = "<group>";
		};
		A857274F18F92D2F0007E03E /* HW_NetExample */ = {
			isa = PBXGroup;
			children = (
				A857275818F92D2F0007E03E /* AppDelegate.h */,
				A857275918F92D2F0007E03E /* AppDelegate.m */,
				A857275B18F92D2F0007E03E /* Main.storyboard */,
				A857275E18F92D2F0007E03E /* ViewController.h */,
				A857275F18F92D2F0007E03E /* ViewController.m */,
				A857279218F94A000007E03E /* PresentImageController.h */,
				A857279318F94A000007E03E /* PresentImageController.m */,
				A857277E18F92D440007E03E /* MyNetManager.h */,
				A857277F18F92D440007E03E /* MyNetManager.m */,
				A857279518F9B5CE0007E03E /* Help Classes */,
				A857276118F92D2F0007E03E /* Images.xcassets */,
				A857275018F92D2F0007E03E /* Supporting Files */,
				F5AF0CC018FFEE2B00A132C0 /* MyTableViewCell.h */,
				F5AF0CC118FFEE2B00A132C0 /* MyTableViewCell.m */,
			);
			path = HW_NetExample;
			sourceTree = "<group>";
		};
		A857275018F92D2F0007E03E /* Supporting Files */ = {
			isa = PBXGroup;
			children = (
				A857275118F92D2F0007E03E /* HW_NetExample-Info.plist */,
				A857275218F92D2F0007E03E /* InfoPlist.strings */,
				A857275518F92D2F0007E03E /* main.m */,
				A857275718F92D2F0007E03E /* HW_NetExample-Prefix.pch */,
			);
			name = "Supporting Files";
			sourceTree = "<group>";
		};
		A857276E18F92D2F0007E03E /* HW_NetExampleTests */ = {
			isa = PBXGroup;
			children = (
				A857277418F92D2F0007E03E /* HW_NetExampleTests.m */,
				A857276F18F92D2F0007E03E /* Supporting Files */,
			);
			path = HW_NetExampleTests;
			sourceTree = "<group>";
		};
		A857276F18F92D2F0007E03E /* Supporting Files */ = {
			isa = PBXGroup;
			children = (
				A857277018F92D2F0007E03E /* HW_NetExampleTests-Info.plist */,
				A857277118F92D2F0007E03E /* InfoPlist.strings */,
			);
			name = "Supporting Files";
			sourceTree = "<group>";
		};
		A857279518F9B5CE0007E03E /* Help Classes */ = {
			isa = PBXGroup;
			children = (
				A857278118F930CB0007E03E /* ImageSliceTool.h */,
				A857278218F930CB0007E03E /* ImageSliceTool.m */,
			);
			name = "Help Classes";
			sourceTree = "<group>";
		};
/* End PBXGroup section */

/* Begin PBXNativeTarget section */
		A857274518F92D2F0007E03E /* HW_NetExample */ = {
			isa = PBXNativeTarget;
			buildConfigurationList = A857277818F92D2F0007E03E /* Build configuration list for PBXNativeTarget "HW_NetExample" */;
			buildPhases = (
				A857274218F92D2F0007E03E /* Sources */,
				A857274318F92D2F0007E03E /* Frameworks */,
				A857274418F92D2F0007E03E /* Resources */,
			);
			buildRules = (
			);
			dependencies = (
			);
			name = HW_NetExample;
			productName = HW_NetExample;
			productReference = A857274618F92D2F0007E03E /* HW_NetExample.app */;
			productType = "com.apple.product-type.application";
		};
		A857276618F92D2F0007E03E /* HW_NetExampleTests */ = {
			isa = PBXNativeTarget;
			buildConfigurationList = A857277B18F92D2F0007E03E /* Build configuration list for PBXNativeTarget "HW_NetExampleTests" */;
			buildPhases = (
				A857276318F92D2F0007E03E /* Sources */,
				A857276418F92D2F0007E03E /* Frameworks */,
				A857276518F92D2F0007E03E /* Resources */,
			);
			buildRules = (
			);
			dependencies = (
				A857276D18F92D2F0007E03E /* PBXTargetDependency */,
			);
			name = HW_NetExampleTests;
			productName = HW_NetExampleTests;
			productReference = A857276718F92D2F0007E03E /* HW_NetExampleTests.xctest */;
			productType = "com.apple.product-type.bundle.unit-test";
		};
/* End PBXNativeTarget section */

/* Begin PBXProject section */
		A857273E18F92D2F0007E03E /* Project object */ = {
			isa = PBXProject;
			attributes = {
				LastUpgradeCheck = 0510;
				ORGANIZATIONNAME = Alexander;
				TargetAttributes = {
					A857276618F92D2F0007E03E = {
						TestTargetID = A857274518F92D2F0007E03E;
					};
				};
			};
			buildConfigurationList = A857274118F92D2F0007E03E /* Build configuration list for PBXProject "HW_NetExample" */;
			compatibilityVersion = "Xcode 3.2";
			developmentRegion = English;
			hasScannedForEncodings = 0;
			knownRegions = (
				en,
				Base,
			);
			mainGroup = A857273D18F92D2F0007E03E;
			productRefGroup = A857274718F92D2F0007E03E /* Products */;
			projectDirPath = "";
			projectRoot = "";
			targets = (
				A857274518F92D2F0007E03E /* HW_NetExample */,
				A857276618F92D2F0007E03E /* HW_NetExampleTests */,
			);
		};
/* End PBXProject section */

/* Begin PBXResourcesBuildPhase section */
		A857274418F92D2F0007E03E /* Resources */ = {
			isa = PBXResourcesBuildPhase;
			buildActionMask = 2147483647;
			files = (
				A857276218F92D2F0007E03E /* Images.xcassets in Resources */,
				A857275418F92D2F0007E03E /* InfoPlist.strings in Resources */,
				A857275D18F92D2F0007E03E /* Main.storyboard in Resources */,
			);
			runOnlyForDeploymentPostprocessing = 0;
		};
		A857276518F92D2F0007E03E /* Resources */ = {
			isa = PBXResourcesBuildPhase;
			buildActionMask = 2147483647;
			files = (
				A857277318F92D2F0007E03E /* InfoPlist.strings in Resources */,
			);
			runOnlyForDeploymentPostprocessing = 0;
		};
/* End PBXResourcesBuildPhase section */

/* Begin PBXSourcesBuildPhase section */
		A857274218F92D2F0007E03E /* Sources */ = {
			isa = PBXSourcesBuildPhase;
			buildActionMask = 2147483647;
			files = (
				A857276018F92D2F0007E03E /* ViewController.m in Sources */,
				F5AF0CC218FFEE2B00A132C0 /* MyTableViewCell.m in Sources */,
				A857278018F92D440007E03E /* MyNetManager.m in Sources */,
				A857275A18F92D2F0007E03E /* AppDelegate.m in Sources */,
				A857279418F94A000007E03E /* PresentImageController.m in Sources */,
				A857278318F930CB0007E03E /* ImageSliceTool.m in Sources */,
				A857275618F92D2F0007E03E /* main.m in Sources */,
			);
			runOnlyForDeploymentPostprocessing = 0;
		};
		A857276318F92D2F0007E03E /* Sources */ = {
			isa = PBXSourcesBuildPhase;
			buildActionMask = 2147483647;
			files = (
				A857277518F92D2F0007E03E /* HW_NetExampleTests.m in Sources */,
			);
			runOnlyForDeploymentPostprocessing = 0;
		};
/* End PBXSourcesBuildPhase section */

/* Begin PBXTargetDependency section */
		A857276D18F92D2F0007E03E /* PBXTargetDependency */ = {
			isa = PBXTargetDependency;
			target = A857274518F92D2F0007E03E /* HW_NetExample */;
			targetProxy = A857276C18F92D2F0007E03E /* PBXContainerItemProxy */;
		};
/* End PBXTargetDependency section */

/* Begin PBXVariantGroup section */
		A857275218F92D2F0007E03E /* InfoPlist.strings */ = {
			isa = PBXVariantGroup;
			children = (
				A857275318F92D2F0007E03E /* en */,
			);
			name = InfoPlist.strings;
			sourceTree = "<group>";
		};
		A857275B18F92D2F0007E03E /* Main.storyboard */ = {
			isa = PBXVariantGroup;
			children = (
				A857275C18F92D2F0007E03E /* Base */,
			);
			name = Main.storyboard;
			sourceTree = "<group>";
		};
		A857277118F92D2F0007E03E /* InfoPlist.strings */ = {
			isa = PBXVariantGroup;
			children = (
				A857277218F92D2F0007E03E /* en */,
			);
			name = InfoPlist.strings;
			sourceTree = "<group>";
		};
/* End PBXVariantGroup section */

/* Begin XCBuildConfiguration section */
		A857277618F92D2F0007E03E /* Debug */ = {
			isa = XCBuildConfiguration;
			buildSettings = {
				ALWAYS_SEARCH_USER_PATHS = NO;
				CLANG_CXX_LANGUAGE_STANDARD = "gnu++0x";
				CLANG_CXX_LIBRARY = "libc++";
				CLANG_ENABLE_MODULES = YES;
				CLANG_ENABLE_OBJC_ARC = YES;
				CLANG_WARN_BOOL_CONVERSION = YES;
				CLANG_WARN_CONSTANT_CONVERSION = YES;
				CLANG_WARN_DIRECT_OBJC_ISA_USAGE = YES_ERROR;
				CLANG_WARN_EMPTY_BODY = YES;
				CLANG_WARN_ENUM_CONVERSION = YES;
				CLANG_WARN_INT_CONVERSION = YES;
				CLANG_WARN_OBJC_ROOT_CLASS = YES_ERROR;
				CLANG_WARN__DUPLICATE_METHOD_MATCH = YES;
				"CODE_SIGN_IDENTITY[sdk=iphoneos*]" = "iPhone Developer";
				COPY_PHASE_STRIP = NO;
				GCC_C_LANGUAGE_STANDARD = gnu99;
				GCC_DYNAMIC_NO_PIC = NO;
				GCC_OPTIMIZATION_LEVEL = 0;
				GCC_PREPROCESSOR_DEFINITIONS = (
					"DEBUG=1",
					"$(inherited)",
				);
				GCC_SYMBOLS_PRIVATE_EXTERN = NO;
				GCC_WARN_64_TO_32_BIT_CONVERSION = YES;
				GCC_WARN_ABOUT_RETURN_TYPE = YES_ERROR;
				GCC_WARN_UNDECLARED_SELECTOR = YES;
				GCC_WARN_UNINITIALIZED_AUTOS = YES_AGGRESSIVE;
				GCC_WARN_UNUSED_FUNCTION = YES;
				GCC_WARN_UNUSED_VARIABLE = YES;
				IPHONEOS_DEPLOYMENT_TARGET = 7.1;
				ONLY_ACTIVE_ARCH = YES;
				SDKROOT = iphoneos;
			};
			name = Debug;
		};
		A857277718F92D2F0007E03E /* Release */ = {
			isa = XCBuildConfiguration;
			buildSettings = {
				ALWAYS_SEARCH_USER_PATHS = NO;
				CLANG_CXX_LANGUAGE_STANDARD = "gnu++0x";
				CLANG_CXX_LIBRARY = "libc++";
				CLANG_ENABLE_MODULES = YES;
				CLANG_ENABLE_OBJC_ARC = YES;
				CLANG_WARN_BOOL_CONVERSION = YES;
				CLANG_WARN_CONSTANT_CONVERSION = YES;
				CLANG_WARN_DIRECT_OBJC_ISA_USAGE = YES_ERROR;
				CLANG_WARN_EMPTY_BODY = YES;
				CLANG_WARN_ENUM_CONVERSION = YES;
				CLANG_WARN_INT_CONVERSION = YES;
				CLANG_WARN_OBJC_ROOT_CLASS = YES_ERROR;
				CLANG_WARN__DUPLICATE_METHOD_MATCH = YES;
				"CODE_SIGN_IDENTITY[sdk=iphoneos*]" = "iPhone Developer";
				COPY_PHASE_STRIP = YES;
				ENABLE_NS_ASSERTIONS = NO;
				GCC_C_LANGUAGE_STANDARD = gnu99;
				GCC_WARN_64_TO_32_BIT_CONVERSION = YES;
				GCC_WARN_ABOUT_RETURN_TYPE = YES_ERROR;
				GCC_WARN_UNDECLARED_SELECTOR = YES;
				GCC_WARN_UNINITIALIZED_AUTOS = YES_AGGRESSIVE;
				GCC_WARN_UNUSED_FUNCTION = YES;
				GCC_WARN_UNUSED_VARIABLE = YES;
				IPHONEOS_DEPLOYMENT_TARGET = 7.1;
				SDKROOT = iphoneos;
				VALIDATE_PRODUCT = YES;
			};
			name = Release;
		};
		A857277918F92D2F0007E03E /* Debug */ = {
			isa = XCBuildConfiguration;
			buildSettings = {
				ASSETCATALOG_COMPILER_APPICON_NAME = AppIcon;
				ASSETCATALOG_COMPILER_LAUNCHIMAGE_NAME = LaunchImage;
				GCC_PRECOMPILE_PREFIX_HEADER = YES;
				GCC_PREFIX_HEADER = "HW_NetExample/HW_NetExample-Prefix.pch";
				INFOPLIST_FILE = "HW_NetExample/HW_NetExample-Info.plist";
				IPHONEOS_DEPLOYMENT_TARGET = 7.1;
				PRODUCT_NAME = "$(TARGET_NAME)";
				WRAPPER_EXTENSION = app;
			};
			name = Debug;
		};
		A857277A18F92D2F0007E03E /* Release */ = {
			isa = XCBuildConfiguration;
			buildSettings = {
				ASSETCATALOG_COMPILER_APPICON_NAME = AppIcon;
				ASSETCATALOG_COMPILER_LAUNCHIMAGE_NAME = LaunchImage;
				GCC_PRECOMPILE_PREFIX_HEADER = YES;
				GCC_PREFIX_HEADER = "HW_NetExample/HW_NetExample-Prefix.pch";
				INFOPLIST_FILE = "HW_NetExample/HW_NetExample-Info.plist";
				IPHONEOS_DEPLOYMENT_TARGET = 7.1;
				PRODUCT_NAME = "$(TARGET_NAME)";
				WRAPPER_EXTENSION = app;
			};
			name = Release;
		};
		A857277C18F92D2F0007E03E /* Debug */ = {
			isa = XCBuildConfiguration;
			buildSettings = {
				BUNDLE_LOADER = "$(BUILT_PRODUCTS_DIR)/HW_NetExample.app/HW_NetExample";
				FRAMEWORK_SEARCH_PATHS = (
					"$(SDKROOT)/Developer/Library/Frameworks",
					"$(inherited)",
					"$(DEVELOPER_FRAMEWORKS_DIR)",
				);
				GCC_PRECOMPILE_PREFIX_HEADER = YES;
				GCC_PREFIX_HEADER = "HW_NetExample/HW_NetExample-Prefix.pch";
				GCC_PREPROCESSOR_DEFINITIONS = (
					"DEBUG=1",
					"$(inherited)",
				);
				INFOPLIST_FILE = "HW_NetExampleTests/HW_NetExampleTests-Info.plist";
				PRODUCT_NAME = "$(TARGET_NAME)";
				TEST_HOST = "$(BUNDLE_LOADER)";
				WRAPPER_EXTENSION = xctest;
			};
			name = Debug;
		};
		A857277D18F92D2F0007E03E /* Release */ = {
			isa = XCBuildConfiguration;
			buildSettings = {
				BUNDLE_LOADER = "$(BUILT_PRODUCTS_DIR)/HW_NetExample.app/HW_NetExample";
				FRAMEWORK_SEARCH_PATHS = (
					"$(SDKROOT)/Developer/Library/Frameworks",
					"$(inherited)",
					"$(DEVELOPER_FRAMEWORKS_DIR)",
				);
				GCC_PRECOMPILE_PREFIX_HEADER = YES;
				GCC_PREFIX_HEADER = "HW_NetExample/HW_NetExample-Prefix.pch";
				INFOPLIST_FILE = "HW_NetExampleTests/HW_NetExampleTests-Info.plist";
				PRODUCT_NAME = "$(TARGET_NAME)";
				TEST_HOST = "$(BUNDLE_LOADER)";
				WRAPPER_EXTENSION = xctest;
			};
			name = Release;
		};
/* End XCBuildConfiguration section */

/* Begin XCConfigurationList section */
		A857274118F92D2F0007E03E /* Build configuration list for PBXProject "HW_NetExample" */ = {
			isa = XCConfigurationList;
			buildConfigurations = (
				A857277618F92D2F0007E03E /* Debug */,
				A857277718F92D2F0007E03E /* Release */,
			);
			defaultConfigurationIsVisible = 0;
			defaultConfigurationName = Release;
		};
		A857277818F92D2F0007E03E /* Build configuration list for PBXNativeTarget "HW_NetExample" */ = {
			isa = XCConfigurationList;
			buildConfigurations = (
				A857277918F92D2F0007E03E /* Debug */,
				A857277A18F92D2F0007E03E /* Release */,
			);
			defaultConfigurationIsVisible = 0;
			defaultConfigurationName = Release;
		};
		A857277B18F92D2F0007E03E /* Build configuration list for PBXNativeTarget "HW_NetExampleTests" */ = {
			isa = XCConfigurationList;
			buildConfigurations = (
				A857277C18F92D2F0007E03E /* Debug */,
				A857277D18F92D2F0007E03E /* Release */,
			);
			defaultConfigurationIsVisible = 0;
			defaultConfigurationName = Release;
		};
/* End XCConfigurationList section */
	};
	rootObject = A857273E18F92D2F0007E03E /* Project object */;
}
